// !$*UTF8*$!
{
	archiveVersion = 1;
	classes = {
	};
	objectVersion = 56;
	objects = {

/* Begin PBXBuildFile section */
		46ADDEC72B693C9D008678C0 /* AppDelegate.swift in Sources */ = {isa = PBXBuildFile; fileRef = 46ADDEC62B693C9D008678C0 /* AppDelegate.swift */; };
		46ADDEC92B693C9D008678C0 /* SceneDelegate.swift in Sources */ = {isa = PBXBuildFile; fileRef = 46ADDEC82B693C9D008678C0 /* SceneDelegate.swift */; };
		46ADDECE2B693C9D008678C0 /* Main.storyboard in Resources */ = {isa = PBXBuildFile; fileRef = 46ADDECC2B693C9D008678C0 /* Main.storyboard */; };
		46ADDED02B693C9F008678C0 /* Assets.xcassets in Resources */ = {isa = PBXBuildFile; fileRef = 46ADDECF2B693C9F008678C0 /* Assets.xcassets */; };
		46ADDED32B693C9F008678C0 /* LaunchScreen.storyboard in Resources */ = {isa = PBXBuildFile; fileRef = 46ADDED12B693C9F008678C0 /* LaunchScreen.storyboard */; };
		46ADDEDE2B693E1F008678C0 /* Boring.swift in Sources */ = {isa = PBXBuildFile; fileRef = 46ADDEDD2B693E1F008678C0 /* Boring.swift */; };
		46ADDEE12B693E6E008678C0 /* BoringViewController.swift in Sources */ = {isa = PBXBuildFile; fileRef = 46ADDEE02B693E6E008678C0 /* BoringViewController.swift */; };
		46ADDF0D2B6BD4F0008678C0 /* NetworkManager.swift in Sources */ = {isa = PBXBuildFile; fileRef = 46ADDF0C2B6BD4F0008678C0 /* NetworkManager.swift */; };
/* End PBXBuildFile section */

/* Begin PBXFileReference section */
		46ADDEC32B693C9D008678C0 /* BoringApp.app */ = {isa = PBXFileReference; explicitFileType = wrapper.application; includeInIndex = 0; path = BoringApp.app; sourceTree = BUILT_PRODUCTS_DIR; };
		46ADDEC62B693C9D008678C0 /* AppDelegate.swift */ = {isa = PBXFileReference; lastKnownFileType = sourcecode.swift; path = AppDelegate.swift; sourceTree = "<group>"; };
		46ADDEC82B693C9D008678C0 /* SceneDelegate.swift */ = {isa = PBXFileReference; lastKnownFileType = sourcecode.swift; path = SceneDelegate.swift; sourceTree = "<group>"; };
		46ADDECD2B693C9D008678C0 /* Base */ = {isa = PBXFileReference; lastKnownFileType = file.storyboard; name = Base; path = Base.lproj/Main.storyboard; sourceTree = "<group>"; };
		46ADDECF2B693C9F008678C0 /* Assets.xcassets */ = {isa = PBXFileReference; lastKnownFileType = folder.assetcatalog; path = Assets.xcassets; sourceTree = "<group>"; };
		46ADDED22B693C9F008678C0 /* Base */ = {isa = PBXFileReference; lastKnownFileType = file.storyboard; name = Base; path = Base.lproj/LaunchScreen.storyboard; sourceTree = "<group>"; };
		46ADDED42B693C9F008678C0 /* Info.plist */ = {isa = PBXFileReference; lastKnownFileType = text.plist.xml; path = Info.plist; sourceTree = "<group>"; };
		46ADDEDD2B693E1F008678C0 /* Boring.swift */ = {isa = PBXFileReference; lastKnownFileType = sourcecode.swift; path = Boring.swift; sourceTree = "<group>"; };
		46ADDEE02B693E6E008678C0 /* BoringViewController.swift */ = {isa = PBXFileReference; lastKnownFileType = sourcecode.swift; path = BoringViewController.swift; sourceTree = "<group>"; };
		46ADDF0C2B6BD4F0008678C0 /* NetworkManager.swift */ = {isa = PBXFileReference; lastKnownFileType = sourcecode.swift; path = NetworkManager.swift; sourceTree = "<group>"; };
/* End PBXFileReference section */

/* Begin PBXFrameworksBuildPhase section */
		46ADDEC02B693C9D008678C0 /* Frameworks */ = {
			isa = PBXFrameworksBuildPhase;
			buildActionMask = 2147483647;
			files = (
			);
			runOnlyForDeploymentPostprocessing = 0;
		};
/* End PBXFrameworksBuildPhase section */

/* Begin PBXGroup section */
		46ADDEBA2B693C9D008678C0 = {
			isa = PBXGroup;
			children = (
				46ADDEC52B693C9D008678C0 /* BoringApp */,
				46ADDEC42B693C9D008678C0 /* Products */,
			);
			sourceTree = "<group>";
		};
		46ADDEC42B693C9D008678C0 /* Products */ = {
			isa = PBXGroup;
			children = (
				46ADDEC32B693C9D008678C0 /* BoringApp.app */,
			);
			name = Products;
			sourceTree = "<group>";
		};
		46ADDEC52B693C9D008678C0 /* BoringApp */ = {
			isa = PBXGroup;
			children = (
				46ADDEDA2B693D73008678C0 /* ViewControllers */,
				46ADDEDF2B693E24008678C0 /* Models */,
				46ADDF0E2B6BD4FD008678C0 /* Services */,
				46ADDEDB2B693D8A008678C0 /* Storyboards */,
				46ADDECF2B693C9F008678C0 /* Assets.xcassets */,
				46ADDEDC2B693D99008678C0 /* App */,
			);
			path = BoringApp;
			sourceTree = "<group>";
		};
		46ADDEDA2B693D73008678C0 /* ViewControllers */ = {
			isa = PBXGroup;
			children = (
				46ADDEE02B693E6E008678C0 /* BoringViewController.swift */,
			);
			path = ViewControllers;
			sourceTree = "<group>";
		};
		46ADDEDB2B693D8A008678C0 /* Storyboards */ = {
			isa = PBXGroup;
			children = (
				46ADDECC2B693C9D008678C0 /* Main.storyboard */,
				46ADDED12B693C9F008678C0 /* LaunchScreen.storyboard */,
			);
			path = Storyboards;
			sourceTree = "<group>";
		};
		46ADDEDC2B693D99008678C0 /* App */ = {
			isa = PBXGroup;
			children = (
				46ADDEC62B693C9D008678C0 /* AppDelegate.swift */,
				46ADDEC82B693C9D008678C0 /* SceneDelegate.swift */,
				46ADDED42B693C9F008678C0 /* Info.plist */,
			);
			path = App;
			sourceTree = "<group>";
		};
		46ADDEDF2B693E24008678C0 /* Models */ = {
			isa = PBXGroup;
			children = (
				46ADDEDD2B693E1F008678C0 /* Boring.swift */,
			);
			path = Models;
			sourceTree = "<group>";
		};
		46ADDF0E2B6BD4FD008678C0 /* Services */ = {
			isa = PBXGroup;
			children = (
				46ADDF0C2B6BD4F0008678C0 /* NetworkManager.swift */,
			);
			path = Services;
			sourceTree = "<group>";
		};
/* End PBXGroup section */

/* Begin PBXNativeTarget section */
		46ADDEC22B693C9D008678C0 /* BoringApp */ = {
			isa = PBXNativeTarget;
			buildConfigurationList = 46ADDED72B693C9F008678C0 /* Build configuration list for PBXNativeTarget "BoringApp" */;
			buildPhases = (
				46ADDEBF2B693C9D008678C0 /* Sources */,
				46ADDEC02B693C9D008678C0 /* Frameworks */,
				46ADDEC12B693C9D008678C0 /* Resources */,
			);
			buildRules = (
			);
			dependencies = (
			);
			name = BoringApp;
			productName = BoringApp;
			productReference = 46ADDEC32B693C9D008678C0 /* BoringApp.app */;
			productType = "com.apple.product-type.application";
		};
/* End PBXNativeTarget section */

/* Begin PBXProject section */
		46ADDEBB2B693C9D008678C0 /* Project object */ = {
			isa = PBXProject;
			attributes = {
				BuildIndependentTargetsInParallel = 1;
				LastSwiftUpdateCheck = 1500;
				LastUpgradeCheck = 1500;
				TargetAttributes = {
					46ADDEC22B693C9D008678C0 = {
						CreatedOnToolsVersion = 15.0.1;
					};
				};
			};
			buildConfigurationList = 46ADDEBE2B693C9D008678C0 /* Build configuration list for PBXProject "BoringApp" */;
			compatibilityVersion = "Xcode 14.0";
			developmentRegion = en;
			hasScannedForEncodings = 0;
			knownRegions = (
				en,
				Base,
			);
			mainGroup = 46ADDEBA2B693C9D008678C0;
			productRefGroup = 46ADDEC42B693C9D008678C0 /* Products */;
			projectDirPath = "";
			projectRoot = "";
			targets = (
				46ADDEC22B693C9D008678C0 /* BoringApp */,
			);
		};
/* End PBXProject section */

/* Begin PBXResourcesBuildPhase section */
		46ADDEC12B693C9D008678C0 /* Resources */ = {
			isa = PBXResourcesBuildPhase;
			buildActionMask = 2147483647;
			files = (
				46ADDED32B693C9F008678C0 /* LaunchScreen.storyboard in Resources */,
				46ADDED02B693C9F008678C0 /* Assets.xcassets in Resources */,
				46ADDECE2B693C9D008678C0 /* Main.storyboard in Resources */,
			);
			runOnlyForDeploymentPostprocessing = 0;
		};
/* End PBXResourcesBuildPhase section */

/* Begin PBXSourcesBuildPhase section */
		46ADDEBF2B693C9D008678C0 /* Sources */ = {
			isa = PBXSourcesBuildPhase;
			buildActionMask = 2147483647;
			files = (
				46ADDEDE2B693E1F008678C0 /* Boring.swift in Sources */,
				46ADDEC72B693C9D008678C0 /* AppDelegate.swift in Sources */,
				46ADDF0D2B6BD4F0008678C0 /* NetworkManager.swift in Sources */,
				46ADDEC92B693C9D008678C0 /* SceneDelegate.swift in Sources */,
				46ADDEE12B693E6E008678C0 /* BoringViewController.swift in Sources */,
			);
			runOnlyForDeploymentPostprocessing = 0;
		};
/* End PBXSourcesBuildPhase section */

/* Begin PBXVariantGroup section */
		46ADDECC2B693C9D008678C0 /* Main.storyboard */ = {
			isa = PBXVariantGroup;
			children = (
				46ADDECD2B693C9D008678C0 /* Base */,
			);
			name = Main.storyboard;
			sourceTree = "<group>";
		};
		46ADDED12B693C9F008678C0 /* LaunchScreen.storyboard */ = {
			isa = PBXVariantGroup;
			children = (
				46ADDED22B693C9F008678C0 /* Base */,
			);
			name = LaunchScreen.storyboard;
			sourceTree = "<group>";
		};
/* End PBXVariantGroup section */

/* Begin XCBuildConfiguration section */
		46ADDED52B693C9F008678C0 /* Debug */ = {
			isa = XCBuildConfiguration;
			buildSettings = {
				ALWAYS_SEARCH_USER_PATHS = NO;
				ASSETCATALOG_COMPILER_GENERATE_SWIFT_ASSET_SYMBOL_EXTENSIONS = YES;
				CLANG_ANALYZER_NONNULL = YES;
				CLANG_ANALYZER_NUMBER_OBJECT_CONVERSION = YES_AGGRESSIVE;
				CLANG_CXX_LANGUAGE_STANDARD = "gnu++20";
				CLANG_ENABLE_MODULES = YES;
				CLANG_ENABLE_OBJC_ARC = YES;
				CLANG_ENABLE_OBJC_WEAK = YES;
				CLANG_WARN_BLOCK_CAPTURE_AUTORELEASING = YES;
				CLANG_WARN_BOOL_CONVERSION = YES;
				CLANG_WARN_COMMA = YES;
				CLANG_WARN_CONSTANT_CONVERSION = YES;
				CLANG_WARN_DEPRECATED_OBJC_IMPLEMENTATIONS = YES;
				CLANG_WARN_DIRECT_OBJC_ISA_USAGE = YES_ERROR;
				CLANG_WARN_DOCUMENTATION_COMMENTS = YES;
				CLANG_WARN_EMPTY_BODY = YES;
				CLANG_WARN_ENUM_CONVERSION = YES;
				CLANG_WARN_INFINITE_RECURSION = YES;
				CLANG_WARN_INT_CONVERSION = YES;
				CLANG_WARN_NON_LITERAL_NULL_CONVERSION = YES;
				CLANG_WARN_OBJC_IMPLICIT_RETAIN_SELF = YES;
				CLANG_WARN_OBJC_LITERAL_CONVERSION = YES;
				CLANG_WARN_OBJC_ROOT_CLASS = YES_ERROR;
				CLANG_WARN_QUOTED_INCLUDE_IN_FRAMEWORK_HEADER = YES;
				CLANG_WARN_RANGE_LOOP_ANALYSIS = YES;
				CLANG_WARN_STRICT_PROTOTYPES = YES;
				CLANG_WARN_SUSPICIOUS_MOVE = YES;
				CLANG_WARN_UNGUARDED_AVAILABILITY = YES_AGGRESSIVE;
				CLANG_WARN_UNREACHABLE_CODE = YES;
				CLANG_WARN__DUPLICATE_METHOD_MATCH = YES;
				COPY_PHASE_STRIP = NO;
				DEBUG_INFORMATION_FORMAT = dwarf;
				ENABLE_STRICT_OBJC_MSGSEND = YES;
				ENABLE_TESTABILITY = YES;
				ENABLE_USER_SCRIPT_SANDBOXING = YES;
				GCC_C_LANGUAGE_STANDARD = gnu17;
				GCC_DYNAMIC_NO_PIC = NO;
				GCC_NO_COMMON_BLOCKS = YES;
				GCC_OPTIMIZATION_LEVEL = 0;
				GCC_PREPROCESSOR_DEFINITIONS = (
					"DEBUG=1",
					"$(inherited)",
				);
				GCC_WARN_64_TO_32_BIT_CONVERSION = YES;
				GCC_WARN_ABOUT_RETURN_TYPE = YES_ERROR;
				GCC_WARN_UNDECLARED_SELECTOR = YES;
				GCC_WARN_UNINITIALIZED_AUTOS = YES_AGGRESSIVE;
				GCC_WARN_UNUSED_FUNCTION = YES;
				GCC_WARN_UNUSED_VARIABLE = YES;
				IPHONEOS_DEPLOYMENT_TARGET = 17.0;
				LOCALIZATION_PREFERS_STRING_CATALOGS = YES;
				MTL_ENABLE_DEBUG_INFO = INCLUDE_SOURCE;
				MTL_FAST_MATH = YES;
				ONLY_ACTIVE_ARCH = YES;
				SDKROOT = iphoneos;
				SWIFT_ACTIVE_COMPILATION_CONDITIONS = "DEBUG $(inherited)";
				SWIFT_OPTIMIZATION_LEVEL = "-Onone";
			};
			name = Debug;
		};
		46ADDED62B693C9F008678C0 /* Release */ = {
			isa = XCBuildConfiguration;
			buildSettings = {
				ALWAYS_SEARCH_USER_PATHS = NO;
				ASSETCATALOG_COMPILER_GENERATE_SWIFT_ASSET_SYMBOL_EXTENSIONS = YES;
				CLANG_ANALYZER_NONNULL = YES;
				CLANG_ANALYZER_NUMBER_OBJECT_CONVERSION = YES_AGGRESSIVE;
				CLANG_CXX_LANGUAGE_STANDARD = "gnu++20";
				CLANG_ENABLE_MODULES = YES;
				CLANG_ENABLE_OBJC_ARC = YES;
				CLANG_ENABLE_OBJC_WEAK = YES;
				CLANG_WARN_BLOCK_CAPTURE_AUTORELEASING = YES;
				CLANG_WARN_BOOL_CONVERSION = YES;
				CLANG_WARN_COMMA = YES;
				CLANG_WARN_CONSTANT_CONVERSION = YES;
				CLANG_WARN_DEPRECATED_OBJC_IMPLEMENTATIONS = YES;
				CLANG_WARN_DIRECT_OBJC_ISA_USAGE = YES_ERROR;
				CLANG_WARN_DOCUMENTATION_COMMENTS = YES;
				CLANG_WARN_EMPTY_BODY = YES;
				CLANG_WARN_ENUM_CONVERSION = YES;
				CLANG_WARN_INFINITE_RECURSION = YES;
				CLANG_WARN_INT_CONVERSION = YES;
				CLANG_WARN_NON_LITERAL_NULL_CONVERSION = YES;
				CLANG_WARN_OBJC_IMPLICIT_RETAIN_SELF = YES;
				CLANG_WARN_OBJC_LITERAL_CONVERSION = YES;
				CLANG_WARN_OBJC_ROOT_CLASS = YES_ERROR;
				CLANG_WARN_QUOTED_INCLUDE_IN_FRAMEWORK_HEADER = YES;
				CLANG_WARN_RANGE_LOOP_ANALYSIS = YES;
				CLANG_WARN_STRICT_PROTOTYPES = YES;
				CLANG_WARN_SUSPICIOUS_MOVE = YES;
				CLANG_WARN_UNGUARDED_AVAILABILITY = YES_AGGRESSIVE;
				CLANG_WARN_UNREACHABLE_CODE = YES;
				CLANG_WARN__DUPLICATE_METHOD_MATCH = YES;
				COPY_PHASE_STRIP = NO;
				DEBUG_INFORMATION_FORMAT = "dwarf-with-dsym";
				ENABLE_NS_ASSERTIONS = NO;
				ENABLE_STRICT_OBJC_MSGSEND = YES;
				ENABLE_USER_SCRIPT_SANDBOXING = YES;
				GCC_C_LANGUAGE_STANDARD = gnu17;
				GCC_NO_COMMON_BLOCKS = YES;
				GCC_WARN_64_TO_32_BIT_CONVERSION = YES;
				GCC_WARN_ABOUT_RETURN_TYPE = YES_ERROR;
				GCC_WARN_UNDECLARED_SELECTOR = YES;
				GCC_WARN_UNINITIALIZED_AUTOS = YES_AGGRESSIVE;
				GCC_WARN_UNUSED_FUNCTION = YES;
				GCC_WARN_UNUSED_VARIABLE = YES;
				IPHONEOS_DEPLOYMENT_TARGET = 17.0;
				LOCALIZATION_PREFERS_STRING_CATALOGS = YES;
				MTL_ENABLE_DEBUG_INFO = NO;
				MTL_FAST_MATH = YES;
				SDKROOT = iphoneos;
				SWIFT_COMPILATION_MODE = wholemodule;
				VALIDATE_PRODUCT = YES;
			};
			name = Release;
		};
		46ADDED82B693C9F008678C0 /* Debug */ = {
			isa = XCBuildConfiguration;
			buildSettings = {
				ASSETCATALOG_COMPILER_APPICON_NAME = AppIcon;
				ASSETCATALOG_COMPILER_GLOBAL_ACCENT_COLOR_NAME = AccentColor;
				CODE_SIGN_STYLE = Automatic;
				CURRENT_PROJECT_VERSION = 1;
				DEVELOPMENT_TEAM = F4DM4RJXGM;
				GENERATE_INFOPLIST_FILE = YES;
				INFOPLIST_FILE = BoringApp/App/Info.plist;
				INFOPLIST_KEY_UIApplicationSupportsIndirectInputEvents = YES;
				INFOPLIST_KEY_UILaunchStoryboardName = LaunchScreen;
				INFOPLIST_KEY_UIMainStoryboardFile = Main;
				INFOPLIST_KEY_UISupportedInterfaceOrientations = UIInterfaceOrientationPortrait;
				INFOPLIST_KEY_UISupportedInterfaceOrientations_iPad = "UIInterfaceOrientationLandscapeLeft UIInterfaceOrientationLandscapeRight UIInterfaceOrientationPortrait";
				LD_RUNPATH_SEARCH_PATHS = (
					"$(inherited)",
					"@executable_path/Frameworks",
				);
				MARKETING_VERSION = 1.0;
				PRODUCT_BUNDLE_IDENTIFIER = PavelGribachev.BoringApp;
				PRODUCT_NAME = "$(TARGET_NAME)";
				SUPPORTED_PLATFORMS = "iphoneos iphonesimulator";
				SUPPORTS_MACCATALYST = NO;
				SUPPORTS_MAC_DESIGNED_FOR_IPHONE_IPAD = NO;
				SWIFT_EMIT_LOC_STRINGS = YES;
				SWIFT_VERSION = 5.0;
				TARGETED_DEVICE_FAMILY = 1;
			};
			name = Debug;
		};
		46ADDED92B693C9F008678C0 /* Release */ = {
			isa = XCBuildConfiguration;
			buildSettings = {
				ASSETCATALOG_COMPILER_APPICON_NAME = AppIcon;
				ASSETCATALOG_COMPILER_GLOBAL_ACCENT_COLOR_NAME = AccentColor;
				CODE_SIGN_STYLE = Automatic;
				CURRENT_PROJECT_VERSION = 1;
				DEVELOPMENT_TEAM = F4DM4RJXGM;
				GENERATE_INFOPLIST_FILE = YES;
				INFOPLIST_FILE = BoringApp/App/Info.plist;
				INFOPLIST_KEY_UIApplicationSupportsIndirectInputEvents = YES;
				INFOPLIST_KEY_UILaunchStoryboardName = LaunchScreen;
				INFOPLIST_KEY_UIMainStoryboardFile = Main;
				INFOPLIST_KEY_UISupportedInterfaceOrientations = UIInterfaceOrientationPortrait;
				INFOPLIST_KEY_UISupportedInterfaceOrientations_iPad = "UIInterfaceOrientationLandscapeLeft UIInterfaceOrientationLandscapeRight UIInterfaceOrientationPortrait";
				LD_RUNPATH_SEARCH_PATHS = (
					"$(inherited)",
					"@executable_path/Frameworks",
				);
				MARKETING_VERSION = 1.0;
				PRODUCT_BUNDLE_IDENTIFIER = PavelGribachev.BoringApp;
				PRODUCT_NAME = "$(TARGET_NAME)";
				SUPPORTED_PLATFORMS = "iphoneos iphonesimulator";
				SUPPORTS_MACCATALYST = NO;
				SUPPORTS_MAC_DESIGNED_FOR_IPHONE_IPAD = NO;
				SWIFT_EMIT_LOC_STRINGS = YES;
				SWIFT_VERSION = 5.0;
				TARGETED_DEVICE_FAMILY = 1;
			};
			name = Release;
		};
/* End XCBuildConfiguration section */

/* Begin XCConfigurationList section */
		46ADDEBE2B693C9D008678C0 /* Build configuration list for PBXProject "BoringApp" */ = {
			isa = XCConfigurationList;
			buildConfigurations = (
				46ADDED52B693C9F008678C0 /* Debug */,
				46ADDED62B693C9F008678C0 /* Release */,
			);
			defaultConfigurationIsVisible = 0;
			defaultConfigurationName = Release;
		};
		46ADDED72B693C9F008678C0 /* Build configuration list for PBXNativeTarget "BoringApp" */ = {
			isa = XCConfigurationList;
			buildConfigurations = (
				46ADDED82B693C9F008678C0 /* Debug */,
				46ADDED92B693C9F008678C0 /* Release */,
			);
			defaultConfigurationIsVisible = 0;
			defaultConfigurationName = Release;
		};
/* End XCConfigurationList section */
	};
	rootObject = 46ADDEBB2B693C9D008678C0 /* Project object */;
}
